
Microsoft Visual Studio Solution File, Format Version 11.00
# Visual Studio 2010
Project("{FAE04EC0-301F-11D3-BF4B-00C04F79EFBC}") = "ECard78", "ECardSoft\ECard78.csproj", "{9147CF19-B279-4DE1-84F4-B297DF474EDB}"
EndProject
Project("{FAE04EC0-301F-11D3-BF4B-00C04F79EFBC}") = "ECard78.Base", "Base\ECard78.Base.csproj", "{D0B4C866-CBF5-4CA1-8AFD-344D797D6B92}"
EndProject
Project("{FAE04EC0-301F-11D3-BF4B-00C04F79EFBC}") = "ECard78.RS", "RS\ECard78.RS.csproj", "{25571810-6C66-4B3F-BF7D-33044C9AFC7E}"
EndProject
Project("{FAE04EC0-301F-11D3-BF4B-00C04F79EFBC}") = "ECard78.KQ", "KQ\ECard78.KQ.csproj", "{2E42A506-A0CF-45BA-97BC-47646CE46C83}"
EndProject
Project("{FAE04EC0-301F-11D3-BF4B-00C04F79EFBC}") = "ECard78.SF", "SF\ECard78.SF.csproj", "{2216608A-2414-46B8-A97E-B6CB9C32EC52}"
EndProject
Project("{FAE04EC0-301F-11D3-BF4B-00C04F79EFBC}") = "ECard78.MJ", "MJ\ECard78.MJ.csproj", "{7867906A-59CF-4AF4-8CB5-5F23B240E60E}"
EndProject
Project("{FAE04EC0-301F-11D3-BF4B-00C04F79EFBC}") = "ECard78.DB", "ECardSoftDB\ECard78.DB.csproj", "{D476D84D-2647-4A9B-A113-F3E86D9C2273}"
EndProject
Project("{FAE04EC0-301F-11D3-BF4B-00C04F79EFBC}") = "ECard78.SK", "SK\ECard78.SK.csproj", "{EB4D1217-0430-4E0E-9D6B-1F961A663922}"
EndProject
Project("{FAE04EC0-301F-11D3-BF4B-00C04F79EFBC}") = "ECard78.DM", "ECardDM\ECard78.DM.csproj", "{9A3D7890-BCC4-482A-A37F-740A78987E6A}"
EndProject
Project("{FAE04EC0-301F-11D3-BF4B-00C04F79EFBC}") = "ECard78.MJNew", "MJNew\ECard78.MJNew.csproj", "{B810CB4A-CD9A-40A8-9728-6B91AEBA5041}"
EndProject
Global
	GlobalSection(SolutionConfigurationPlatforms) = preSolution
		Debug|Any CPU = Debug|Any CPU
		Release|Any CPU = Release|Any CPU
	EndGlobalSection
	GlobalSection(ProjectConfigurationPlatforms) = postSolution
		{9147CF19-B279-4DE1-84F4-B297DF474EDB}.Debug|Any CPU.ActiveCfg = Debug|Any CPU
		{9147CF19-B279-4DE1-84F4-B297DF474EDB}.Debug|Any CPU.Build.0 = Debug|Any CPU
		{9147CF19-B279-4DE1-84F4-B297DF474EDB}.Release|Any CPU.ActiveCfg = Release|Any CPU
		{9147CF19-B279-4DE1-84F4-B297DF474EDB}.Release|Any CPU.Build.0 = Release|Any CPU
		{D0B4C866-CBF5-4CA1-8AFD-344D797D6B92}.Debug|Any CPU.ActiveCfg = Debug|Any CPU
		{D0B4C866-CBF5-4CA1-8AFD-344D797D6B92}.Debug|Any CPU.Build.0 = Debug|Any CPU
		{D0B4C866-CBF5-4CA1-8AFD-344D797D6B92}.Release|Any CPU.ActiveCfg = Release|Any CPU
		{D0B4C866-CBF5-4CA1-8AFD-344D797D6B92}.Release|Any CPU.Build.0 = Release|Any CPU
		{25571810-6C66-4B3F-BF7D-33044C9AFC7E}.Debug|Any CPU.ActiveCfg = Debug|Any CPU
		{25571810-6C66-4B3F-BF7D-33044C9AFC7E}.Debug|Any CPU.Build.0 = Debug|Any CPU
		{25571810-6C66-4B3F-BF7D-33044C9AFC7E}.Release|Any CPU.ActiveCfg = Release|Any CPU
		{25571810-6C66-4B3F-BF7D-33044C9AFC7E}.Release|Any CPU.Build.0 = Release|Any CPU
		{2E42A506-A0CF-45BA-97BC-47646CE46C83}.Debug|Any CPU.ActiveCfg = Debug|Any CPU
		{2E42A506-A0CF-45BA-97BC-47646CE46C83}.Debug|Any CPU.Build.0 = Debug|Any CPU
		{2E42A506-A0CF-45BA-97BC-47646CE46C83}.Release|Any CPU.ActiveCfg = Release|Any CPU
		{2E42A506-A0CF-45BA-97BC-47646CE46C83}.Release|Any CPU.Build.0 = Release|Any CPU
		{2216608A-2414-46B8-A97E-B6CB9C32EC52}.Debug|Any CPU.ActiveCfg = Debug|Any CPU
		{2216608A-2414-46B8-A97E-B6CB9C32EC52}.Debug|Any CPU.Build.0 = Debug|Any CPU
		{2216608A-2414-46B8-A97E-B6CB9C32EC52}.Release|Any CPU.ActiveCfg = Release|Any CPU
		{2216608A-2414-46B8-A97E-B6CB9C32EC52}.Release|Any CPU.Build.0 = Release|Any CPU
		{7867906A-59CF-4AF4-8CB5-5F23B240E60E}.Debug|Any CPU.ActiveCfg = Debug|Any CPU
		{7867906A-59CF-4AF4-8CB5-5F23B240E60E}.Debug|Any CPU.Build.0 = Debug|Any CPU
		{7867906A-59CF-4AF4-8CB5-5F23B240E60E}.Release|Any CPU.ActiveCfg = Release|Any CPU
		{7867906A-59CF-4AF4-8CB5-5F23B240E60E}.Release|Any CPU.Build.0 = Release|Any CPU
		{D476D84D-2647-4A9B-A113-F3E86D9C2273}.Debug|Any CPU.ActiveCfg = Debug|Any CPU
		{D476D84D-2647-4A9B-A113-F3E86D9C2273}.Debug|Any CPU.Build.0 = Debug|Any CPU
		{D476D84D-2647-4A9B-A113-F3E86D9C2273}.Release|Any CPU.ActiveCfg = Release|Any CPU
		{D476D84D-2647-4A9B-A113-F3E86D9C2273}.Release|Any CPU.Build.0 = Release|Any CPU
		{EB4D1217-0430-4E0E-9D6B-1F961A663922}.Debug|Any CPU.ActiveCfg = Debug|Any CPU
		{EB4D1217-0430-4E0E-9D6B-1F961A663922}.Debug|Any CPU.Build.0 = Debug|Any CPU
		{EB4D1217-0430-4E0E-9D6B-1F961A663922}.Release|Any CPU.ActiveCfg = Release|Any CPU
		{EB4D1217-0430-4E0E-9D6B-1F961A663922}.Release|Any CPU.Build.0 = Release|Any CPU
		{9A3D7890-BCC4-482A-A37F-740A78987E6A}.Debug|Any CPU.ActiveCfg = Debug|Any CPU
		{9A3D7890-BCC4-482A-A37F-740A78987E6A}.Debug|Any CPU.Build.0 = Debug|Any CPU
		{9A3D7890-BCC4-482A-A37F-740A78987E6A}.Release|Any CPU.ActiveCfg = Release|Any CPU
		{9A3D7890-BCC4-482A-A37F-740A78987E6A}.Release|Any CPU.Build.0 = Release|Any CPU
		{B810CB4A-CD9A-40A8-9728-6B91AEBA5041}.Debug|Any CPU.ActiveCfg = Debug|Any CPU
		{B810CB4A-CD9A-40A8-9728-6B91AEBA5041}.Debug|Any CPU.Build.0 = Debug|Any CPU
		{B810CB4A-CD9A-40A8-9728-6B91AEBA5041}.Release|Any CPU.ActiveCfg = Release|Any CPU
		{B810CB4A-CD9A-40A8-9728-6B91AEBA5041}.Release|Any CPU.Build.0 = Release|Any CPU
	EndGlobalSection
	GlobalSection(SolutionProperties) = preSolution
		HideSolutionNode = FALSE
	EndGlobalSection
EndGlobal
